{
  "source_repository": "https://github.com/marvinamiranda/MarvinaMiranda.git",
  "source_root_key": "governance",
  "version": "4.0.0",
  "source_commit": "9992d3ad86165b69af58f5d057daf99689334e84",
  "source_state": "committed owner-approved working standard on test",
  "adopted_on": "2026-09-09",
  "mode": "local-checkout-with-content-digests",
  "deviations": [
    "Interchange personal routing and retention profile in GOV-0020 and Agent Delivery records"
  ],
  "files": {
    "01 - Governance/Portfolio Standard/PORTFOLIO-STANDARD.md": "65ee98eb0d45c5bb7b42f84a71a933bb0d447196ee662a2f80f62941fad226fd",
    "01 - Governance/Portfolio Standard/GOV-0013-principles.md": "212d1bc61734d792f0a85516974e5b74cbddfb987267b66e3fc549c59a657b85",
    "01 - Governance/Portfolio Standard/GOV-0016-improvement-loop.md": "ad26caa84b7c6e43868dada8549bf95b97ff0cb36db61adbcaa466ab814ff7c0",
    "01 - Governance/Portfolio Standard/GOV-0020-multi-session-orchestration.md": "e7169decc789bf3df6e5ef33a69894bbe62e7580c93f1db8e8021c604e7b7a62",
    "01 - Governance/Portfolio Standard/REG-03-delivery-method.md": "118ff61c90661bff3422581a230a818c9d4785d98f0f6fe55efe04eb3a5a6ab4",
    "01 - Governance/Portfolio Standard/GOV-0014-project-bootstrap.md": "1ff0d7c749d790a39ba7ad6101be349db951b4d609e8f7278c14b7a7306df416",
    "01 - Governance/Portfolio Standard/GOV-0018-product-discovery.md": "d46d11205afe2950624e025497282ea8149fde9176aa70bc58c58adb8a522466",
    "01 - Governance/Portfolio Standard/REG-02-coding-governance.md": "01db3edfd950d0abf6efabe5eb212b09ae8d1a8c8fa2a60b2724ba5c2fde5b4c",
    "01 - Governance/Portfolio Standard/GOV-CHANGELOG.md": "b0e141afe7b2d97426e772957e9559e65462434b3870de543aea4173dad94e1c"
  }
}
